// !$*UTF8*$!
{
	archiveVersion = 1;
	classes = {
	};
	objectVersion = 50;
	objects = {

/* Begin PBXBuildFile section */
		88D39E3923841248009D7125 /* AppDelegate.swift in Sources */ = {isa = PBXBuildFile; fileRef = 88D39E3823841248009D7125 /* AppDelegate.swift */; };
		88D39E3B23841248009D7125 /* SceneDelegate.swift in Sources */ = {isa = PBXBuildFile; fileRef = 88D39E3A23841248009D7125 /* SceneDelegate.swift */; };
		88D39E3D23841248009D7125 /* HomeVC.swift in Sources */ = {isa = PBXBuildFile; fileRef = 88D39E3C23841248009D7125 /* HomeVC.swift */; };
		88D39E4023841248009D7125 /* Main.storyboard in Resources */ = {isa = PBXBuildFile; fileRef = 88D39E3E23841248009D7125 /* Main.storyboard */; };
		88D39E422384124A009D7125 /* Assets.xcassets in Resources */ = {isa = PBXBuildFile; fileRef = 88D39E412384124A009D7125 /* Assets.xcassets */; };
		88D39E452384124A009D7125 /* LaunchScreen.storyboard in Resources */ = {isa = PBXBuildFile; fileRef = 88D39E432384124A009D7125 /* LaunchScreen.storyboard */; };
		88D39E4D238414CD009D7125 /* AccountsVC.swift in Sources */ = {isa = PBXBuildFile; fileRef = 88D39E4C238414CD009D7125 /* AccountsVC.swift */; };
/* End PBXBuildFile section */

/* Begin PBXFileReference section */
		88D39E3523841248009D7125 /* UINavigation-BackButton.app */ = {isa = PBXFileReference; explicitFileType = wrapper.application; includeInIndex = 0; path = "UINavigation-BackButton.app"; sourceTree = BUILT_PRODUCTS_DIR; };
		88D39E3823841248009D7125 /* AppDelegate.swift */ = {isa = PBXFileReference; lastKnownFileType = sourcecode.swift; path = AppDelegate.swift; sourceTree = "<group>"; };
		88D39E3A23841248009D7125 /* SceneDelegate.swift */ = {isa = PBXFileReference; lastKnownFileType = sourcecode.swift; path = SceneDelegate.swift; sourceTree = "<group>"; };
		88D39E3C23841248009D7125 /* HomeVC.swift */ = {isa = PBXFileReference; lastKnownFileType = sourcecode.swift; path = HomeVC.swift; sourceTree = "<group>"; };
		88D39E3F23841248009D7125 /* Base */ = {isa = PBXFileReference; lastKnownFileType = file.storyboard; name = Base; path = Base.lproj/Main.storyboard; sourceTree = "<group>"; };
		88D39E412384124A009D7125 /* Assets.xcassets */ = {isa = PBXFileReference; lastKnownFileType = folder.assetcatalog; path = Assets.xcassets; sourceTree = "<group>"; };
		88D39E442384124A009D7125 /* Base */ = {isa = PBXFileReference; lastKnownFileType = file.storyboard; name = Base; path = Base.lproj/LaunchScreen.storyboard; sourceTree = "<group>"; };
		88D39E462384124A009D7125 /* Info.plist */ = {isa = PBXFileReference; lastKnownFileType = text.plist.xml; path = Info.plist; sourceTree = "<group>"; };
		88D39E4C238414CD009D7125 /* AccountsVC.swift */ = {isa = PBXFileReference; lastKnownFileType = sourcecode.swift; path = AccountsVC.swift; sourceTree = "<group>"; };
/* End PBXFileReference section */

/* Begin PBXFrameworksBuildPhase section */
		88D39E3223841248009D7125 /* Frameworks */ = {
			isa = PBXFrameworksBuildPhase;
			buildActionMask = 2147483647;
			files = (
			);
			runOnlyForDeploymentPostprocessing = 0;
		};
/* End PBXFrameworksBuildPhase section */

/* Begin PBXGroup section */
		88D39E2C23841248009D7125 = {
			isa = PBXGroup;
			children = (
				88D39E3723841248009D7125 /* UINavigation-BackButton */,
				88D39E3623841248009D7125 /* Products */,
			);
			sourceTree = "<group>";
		};
		88D39E3623841248009D7125 /* Products */ = {
			isa = PBXGroup;
			children = (
				88D39E3523841248009D7125 /* UINavigation-BackButton.app */,
			);
			name = Products;
			sourceTree = "<group>";
		};
		88D39E3723841248009D7125 /* UINavigation-BackButton */ = {
			isa = PBXGroup;
			children = (
				88D39E3823841248009D7125 /* AppDelegate.swift */,
				88D39E3A23841248009D7125 /* SceneDelegate.swift */,
				88D39E3C23841248009D7125 /* HomeVC.swift */,
				88D39E3E23841248009D7125 /* Main.storyboard */,
				88D39E4C238414CD009D7125 /* AccountsVC.swift */,
				88D39E412384124A009D7125 /* Assets.xcassets */,
				88D39E432384124A009D7125 /* LaunchScreen.storyboard */,
				88D39E462384124A009D7125 /* Info.plist */,
			);
			path = "UINavigation-BackButton";
			sourceTree = "<group>";
		};
/* End PBXGroup section */

/* Begin PBXNativeTarget section */
		88D39E3423841248009D7125 /* UINavigation-BackButton */ = {
			isa = PBXNativeTarget;
			buildConfigurationList = 88D39E492384124A009D7125 /* Build configuration list for PBXNativeTarget "UINavigation-BackButton" */;
			buildPhases = (
				88D39E3123841248009D7125 /* Sources */,
				88D39E3223841248009D7125 /* Frameworks */,
				88D39E3323841248009D7125 /* Resources */,
			);
			buildRules = (
			);
			dependencies = (
			);
			name = "UINavigation-BackButton";
			productName = "UINavigation-BackButton";
			productReference = 88D39E3523841248009D7125 /* UINavigation-BackButton.app */;
			productType = "com.apple.product-type.application";
		};
/* End PBXNativeTarget section */

/* Begin PBXProject section */
		88D39E2D23841248009D7125 /* Project object */ = {
			isa = PBXProject;
			attributes = {
				LastSwiftUpdateCheck = 1120;
				LastUpgradeCheck = 1120;
				ORGANIZATIONNAME = "Adam Chin";
				TargetAttributes = {
					88D39E3423841248009D7125 = {
						CreatedOnToolsVersion = 11.2.1;
					};
				};
			};
			buildConfigurationList = 88D39E3023841248009D7125 /* Build configuration list for PBXProject "UINavigation-BackButton" */;
			compatibilityVersion = "Xcode 9.3";
			developmentRegion = en;
			hasScannedForEncodings = 0;
			knownRegions = (
				en,
				Base,
			);
			mainGroup = 88D39E2C23841248009D7125;
			productRefGroup = 88D39E3623841248009D7125 /* Products */;
			projectDirPath = "";
			projectRoot = "";
			targets = (
				88D39E3423841248009D7125 /* UINavigation-BackButton */,
			);
		};
/* End PBXProject section */

/* Begin PBXResourcesBuildPhase section */
		88D39E3323841248009D7125 /* Resources */ = {
			isa = PBXResourcesBuildPhase;
			buildActionMask = 2147483647;
			files = (
				88D39E452384124A009D7125 /* LaunchScreen.storyboard in Resources */,
				88D39E422384124A009D7125 /* Assets.xcassets in Resources */,
				88D39E4023841248009D7125 /* Main.storyboard in Resources */,
			);
			runOnlyForDeploymentPostprocessing = 0;
		};
/* End PBXResourcesBuildPhase section */

/* Begin PBXSourcesBuildPhase section */
		88D39E3123841248009D7125 /* Sources */ = {
			isa = PBXSourcesBuildPhase;
			buildActionMask = 2147483647;
			files = (
				88D39E4D238414CD009D7125 /* AccountsVC.swift in Sources */,
				88D39E3D23841248009D7125 /* HomeVC.swift in Sources */,
				88D39E3923841248009D7125 /* AppDelegate.swift in Sources */,
				88D39E3B23841248009D7125 /* SceneDelegate.swift in Sources */,
			);
			runOnlyForDeploymentPostprocessing = 0;
		};
/* End PBXSourcesBuildPhase section */

/* Begin PBXVariantGroup section */
		88D39E3E23841248009D7125 /* Main.storyboard */ = {
			isa = PBXVariantGroup;
			children = (
				88D39E3F23841248009D7125 /* Base */,
			);
			name = Main.storyboard;
			sourceTree = "<group>";
		};
		88D39E432384124A009D7125 /* LaunchScreen.storyboard */ = {
			isa = PBXVariantGroup;
			children = (
				88D39E442384124A009D7125 /* Base */,
			);
			name = LaunchScreen.storyboard;
			sourceTree = "<group>";
		};
/* End PBXVariantGroup section */

/* Begin XCBuildConfiguration section */
		88D39E472384124A009D7125 /* Debug */ = {
			isa = XCBuildConfiguration;
			buildSettings = {
				ALWAYS_SEARCH_USER_PATHS = NO;
				CLANG_ANALYZER_NONNULL = YES;
				CLANG_ANALYZER_NUMBER_OBJECT_CONVERSION = YES_AGGRESSIVE;
				CLANG_CXX_LANGUAGE_STANDARD = "gnu++14";
				CLANG_CXX_LIBRARY = "libc++";
				CLANG_ENABLE_MODULES = YES;
				CLANG_ENABLE_OBJC_ARC = YES;
				CLANG_ENABLE_OBJC_WEAK = YES;
				CLANG_WARN_BLOCK_CAPTURE_AUTORELEASING = YES;
				CLANG_WARN_BOOL_CONVERSION = YES;
				CLANG_WARN_COMMA = YES;
				CLANG_WARN_CONSTANT_CONVERSION = YES;
				CLANG_WARN_DEPRECATED_OBJC_IMPLEMENTATIONS = YES;
				CLANG_WARN_DIRECT_OBJC_ISA_USAGE = YES_ERROR;
				CLANG_WARN_DOCUMENTATION_COMMENTS = YES;
				CLANG_WARN_EMPTY_BODY = YES;
				CLANG_WARN_ENUM_CONVERSION = YES;
				CLANG_WARN_INFINITE_RECURSION = YES;
				CLANG_WARN_INT_CONVERSION = YES;
				CLANG_WARN_NON_LITERAL_NULL_CONVERSION = YES;
				CLANG_WARN_OBJC_IMPLICIT_RETAIN_SELF = YES;
				CLANG_WARN_OBJC_LITERAL_CONVERSION = YES;
				CLANG_WARN_OBJC_ROOT_CLASS = YES_ERROR;
				CLANG_WARN_RANGE_LOOP_ANALYSIS = YES;
				CLANG_WARN_STRICT_PROTOTYPES = YES;
				CLANG_WARN_SUSPICIOUS_MOVE = YES;
				CLANG_WARN_UNGUARDED_AVAILABILITY = YES_AGGRESSIVE;
				CLANG_WARN_UNREACHABLE_CODE = YES;
				CLANG_WARN__DUPLICATE_METHOD_MATCH = YES;
				COPY_PHASE_STRIP = NO;
				DEBUG_INFORMATION_FORMAT = dwarf;
				ENABLE_STRICT_OBJC_MSGSEND = YES;
				ENABLE_TESTABILITY = YES;
				GCC_C_LANGUAGE_STANDARD = gnu11;
				GCC_DYNAMIC_NO_PIC = NO;
				GCC_NO_COMMON_BLOCKS = YES;
				GCC_OPTIMIZATION_LEVEL = 0;
				GCC_PREPROCESSOR_DEFINITIONS = (
					"DEBUG=1",
					"$(inherited)",
				);
				GCC_WARN_64_TO_32_BIT_CONVERSION = YES;
				GCC_WARN_ABOUT_RETURN_TYPE = YES_ERROR;
				GCC_WARN_UNDECLARED_SELECTOR = YES;
				GCC_WARN_UNINITIALIZED_AUTOS = YES_AGGRESSIVE;
				GCC_WARN_UNUSED_FUNCTION = YES;
				GCC_WARN_UNUSED_VARIABLE = YES;
				IPHONEOS_DEPLOYMENT_TARGET = 13.2;
				MTL_ENABLE_DEBUG_INFO = INCLUDE_SOURCE;
				MTL_FAST_MATH = YES;
				ONLY_ACTIVE_ARCH = YES;
				SDKROOT = iphoneos;
				SWIFT_ACTIVE_COMPILATION_CONDITIONS = DEBUG;
				SWIFT_OPTIMIZATION_LEVEL = "-Onone";
			};
			name = Debug;
		};
		88D39E482384124A009D7125 /* Release */ = {
			isa = XCBuildConfiguration;
			buildSettings = {
				ALWAYS_SEARCH_USER_PATHS = NO;
				CLANG_ANALYZER_NONNULL = YES;
				CLANG_ANALYZER_NUMBER_OBJECT_CONVERSION = YES_AGGRESSIVE;
				CLANG_CXX_LANGUAGE_STANDARD = "gnu++14";
				CLANG_CXX_LIBRARY = "libc++";
				CLANG_ENABLE_MODULES = YES;
				CLANG_ENABLE_OBJC_ARC = YES;
				CLANG_ENABLE_OBJC_WEAK = YES;
				CLANG_WARN_BLOCK_CAPTURE_AUTORELEASING = YES;
				CLANG_WARN_BOOL_CONVERSION = YES;
				CLANG_WARN_COMMA = YES;
				CLANG_WARN_CONSTANT_CONVERSION = YES;
				CLANG_WARN_DEPRECATED_OBJC_IMPLEMENTATIONS = YES;
				CLANG_WARN_DIRECT_OBJC_ISA_USAGE = YES_ERROR;
				CLANG_WARN_DOCUMENTATION_COMMENTS = YES;
				CLANG_WARN_EMPTY_BODY = YES;
				CLANG_WARN_ENUM_CONVERSION = YES;
				CLANG_WARN_INFINITE_RECURSION = YES;
				CLANG_WARN_INT_CONVERSION = YES;
				CLANG_WARN_NON_LITERAL_NULL_CONVERSION = YES;
				CLANG_WARN_OBJC_IMPLICIT_RETAIN_SELF = YES;
				CLANG_WARN_OBJC_LITERAL_CONVERSION = YES;
				CLANG_WARN_OBJC_ROOT_CLASS = YES_ERROR;
				CLANG_WARN_RANGE_LOOP_ANALYSIS = YES;
				CLANG_WARN_STRICT_PROTOTYPES = YES;
				CLANG_WARN_SUSPICIOUS_MOVE = YES;
				CLANG_WARN_UNGUARDED_AVAILABILITY = YES_AGGRESSIVE;
				CLANG_WARN_UNREACHABLE_CODE = YES;
				CLANG_WARN__DUPLICATE_METHOD_MATCH = YES;
				COPY_PHASE_STRIP = NO;
				DEBUG_INFORMATION_FORMAT = "dwarf-with-dsym";
				ENABLE_NS_ASSERTIONS = NO;
				ENABLE_STRICT_OBJC_MSGSEND = YES;
				GCC_C_LANGUAGE_STANDARD = gnu11;
				GCC_NO_COMMON_BLOCKS = YES;
				GCC_WARN_64_TO_32_BIT_CONVERSION = YES;
				GCC_WARN_ABOUT_RETURN_TYPE = YES_ERROR;
				GCC_WARN_UNDECLARED_SELECTOR = YES;
				GCC_WARN_UNINITIALIZED_AUTOS = YES_AGGRESSIVE;
				GCC_WARN_UNUSED_FUNCTION = YES;
				GCC_WARN_UNUSED_VARIABLE = YES;
				IPHONEOS_DEPLOYMENT_TARGET = 13.2;
				MTL_ENABLE_DEBUG_INFO = NO;
				MTL_FAST_MATH = YES;
				SDKROOT = iphoneos;
				SWIFT_COMPILATION_MODE = wholemodule;
				SWIFT_OPTIMIZATION_LEVEL = "-O";
				VALIDATE_PRODUCT = YES;
			};
			name = Release;
		};
		88D39E4A2384124A009D7125 /* Debug */ = {
			isa = XCBuildConfiguration;
			buildSettings = {
				ASSETCATALOG_COMPILER_APPICON_NAME = AppIcon;
				CODE_SIGN_STYLE = Automatic;
				DEVELOPMENT_TEAM = PW6A8Y96ZX;
				INFOPLIST_FILE = "UINavigation-BackButton/Info.plist";
				LD_RUNPATH_SEARCH_PATHS = (
					"$(inherited)",
					"@executable_path/Frameworks",
				);
				PRODUCT_BUNDLE_IDENTIFIER = "com.hb.UINavigation-BackButton";
				PRODUCT_NAME = "$(TARGET_NAME)";
				SWIFT_VERSION = 5.0;
				TARGETED_DEVICE_FAMILY = "1,2";
			};
			name = Debug;
		};
		88D39E4B2384124A009D7125 /* Release */ = {
			isa = XCBuildConfiguration;
			buildSettings = {
				ASSETCATALOG_COMPILER_APPICON_NAME = AppIcon;
				CODE_SIGN_STYLE = Automatic;
				DEVELOPMENT_TEAM = PW6A8Y96ZX;
				INFOPLIST_FILE = "UINavigation-BackButton/Info.plist";
				LD_RUNPATH_SEARCH_PATHS = (
					"$(inherited)",
					"@executable_path/Frameworks",
				);
				PRODUCT_BUNDLE_IDENTIFIER = "com.hb.UINavigation-BackButton";
				PRODUCT_NAME = "$(TARGET_NAME)";
				SWIFT_VERSION = 5.0;
				TARGETED_DEVICE_FAMILY = "1,2";
			};
			name = Release;
		};
/* End XCBuildConfiguration section */

/* Begin XCConfigurationList section */
		88D39E3023841248009D7125 /* Build configuration list for PBXProject "UINavigation-BackButton" */ = {
			isa = XCConfigurationList;
			buildConfigurations = (
				88D39E472384124A009D7125 /* Debug */,
				88D39E482384124A009D7125 /* Release */,
			);
			defaultConfigurationIsVisible = 0;
			defaultConfigurationName = Release;
		};
		88D39E492384124A009D7125 /* Build configuration list for PBXNativeTarget "UINavigation-BackButton" */ = {
			isa = XCConfigurationList;
			buildConfigurations = (
				88D39E4A2384124A009D7125 /* Debug */,
				88D39E4B2384124A009D7125 /* Release */,
			);
			defaultConfigurationIsVisible = 0;
			defaultConfigurationName = Release;
		};
/* End XCConfigurationList section */
	};
	rootObject = 88D39E2D23841248009D7125 /* Project object */;
}
